<?xml version="1.0" encoding="utf-8"?>
<Project ToolsVersion="4.0" xmlns="http://schemas.microsoft.com/developer/msbuild/2003">
  <ItemGroup>
    <Filter Include="Source Files">
      <UniqueIdentifier>{4FC737F1-C7A5-4376-A066-2A32D752A2FF}</UniqueIdentifier>
      <Extensions>cpp;c;cc;cxx;def;odl;idl;hpj;bat;asm;asmx</Extensions>
    </Filter>
    <Filter Include="Header Files">
      <UniqueIdentifier>{93995380-89BD-4b04-88EB-625FBE52EBFB}</UniqueIdentifier>
      <Extensions>h;hh;hpp;hxx;hm;inl;inc;xsd</Extensions>
    </Filter>
    <Filter Include="Resource Files">
      <UniqueIdentifier>{D9D6E242-F8AF-46E4-B9FD-80ECBC20BA3E}</UniqueIdentifier>
      <Extensions>qrc;*</Extensions>
      <ParseFiles>false</ParseFiles>
    </Filter>
    <Filter Include="Form Files">
      <UniqueIdentifier>{99349809-55BA-4b9d-BF79-8FDBB0286EB3}</UniqueIdentifier>
      <Extensions>ui</Extensions>
    </Filter>
    <Filter Include="Resource Files">
      <UniqueIdentifier>{D9D6E242-F8AF-46E4-B9FD-80ECBC20BA3E}</UniqueIdentifier>
      <Extensions>qrc;*</Extensions>
      <ParseFiles>false</ParseFiles>
    </Filter>
    <Filter Include="Generated Files">
      <UniqueIdentifier>{71ED8ED8-ACB9-4CE9-BBE1-E00B30144E11}</UniqueIdentifier>
      <Extensions>moc;h;cpp</Extensions>
      <SourceControlFiles>False</SourceControlFiles>
    </Filter>
    <Filter Include="Unitt">
      <UniqueIdentifier>{e0f13696-e39b-422c-8067-86b8d06f57a4}</UniqueIdentifier>
    </Filter>
  </ItemGroup>
  <ItemGroup>
    <ClCompile Include="main.cpp">
      <Filter>Source Files</Filter>
    </ClCompile>
    <ClCompile Include="Eve.cpp">
      <Filter>Source Files</Filter>
    </ClCompile>
    <ClCompile Include="LwIWnd.cpp">
      <Filter>Source Files</Filter>
    </ClCompile>
    <ClCompile Include="Unitt.cpp">
      <Filter>Unitt</Filter>
    </ClCompile>
    <ClCompile Include="Scheme_1.cpp">
      <Filter>Source Files</Filter>
    </ClCompile>
    <ClCompile Include="QUnitt.cpp">
      <Filter>Unitt</Filter>
    </ClCompile>
    <ClCompile Include="RoleConfigure.cpp">
      <Filter>Source Files</Filter>
    </ClCompile>
    <ClCompile Include="Rolelist.cpp">
      <Filter>Source Files</Filter>
    </ClCompile>
    <ClCompile Include="OutputInfo.cpp">
      <Filter>Source Files</Filter>
    </ClCompile>
    <ClCompile Include="IconFont.cpp">
      <Filter>Source Files</Filter>
    </ClCompile>
  </ItemGroup>
  <ItemGroup>
    <QtMoc Include="Eve.h">
      <Filter>Header Files</Filter>
    </QtMoc>
    <QtMoc Include="IScheme.h">
      <Filter>Header Files</Filter>
    </QtMoc>
    <QtMoc Include="Unitt.h">
      <Filter>Unitt</Filter>
    </QtMoc>
    <QtMoc Include="QUnitt.h">
      <Filter>Unitt</Filter>
    </QtMoc>
    <QtMoc Include="Scheme_1.h">
      <Filter>Header Files</Filter>
    </QtMoc>
    <QtMoc Include="Rolelist.h">
      <Filter>Header Files</Filter>
    </QtMoc>
    <QtMoc Include="OutputInfo.h">
      <Filter>Header Files</Filter>
    </QtMoc>
  </ItemGroup>
  <ItemGroup>
    <QtUic Include="Eve.ui">
      <Filter>Form Files</Filter>
    </QtUic>
    <QtUic Include="QUnitt.ui">
      <Filter>Form Files</Filter>
    </QtUic>
    <QtUic Include="Rolelist.ui">
      <Filter>Form Files</Filter>
    </QtUic>
    <QtUic Include="OutputInfo.ui">
      <Filter>Form Files</Filter>
    </QtUic>
  </ItemGroup>
  <ItemGroup>
    <QtRcc Include="Eve.qrc">
      <Filter>Resource Files</Filter>
    </QtRcc>
  </ItemGroup>
  <ItemGroup>
    <ClInclude Include="IWnd.h">
      <Filter>Header Files</Filter>
    </ClInclude>
    <ClInclude Include="LwIWnd.h">
      <Filter>Header Files</Filter>
    </ClInclude>
    <ClInclude Include="RoleConfigure.h">
      <Filter>Header Files</Filter>
    </ClInclude>
    <ClInclude Include="IconFont.h">
      <Filter>Header Files</Filter>
    </ClInclude>
  </ItemGroup>
</Project>